
Microsoft Visual Studio Solution File, Format Version 12.00
# Visual Studio Version 16
VisualStudioVersion = 16.0.30523.141
MinimumVisualStudioVersion = 10.0.40219.1
Project("{FAE04EC0-301F-11D3-BF4B-00C04F79EFBC}") = "Moore", "Moore\Moore.csproj", "{0372FE33-F4B7-4A7B-B998-8304152F2BFB}"
EndProject
Global
	GlobalSection(SolutionConfigurationPlatforms) = preSolution
		Debug|Any CPU = Debug|Any CPU
		Release|Any CPU = Release|Any CPU
	EndGlobalSection
	GlobalSection(ProjectConfigurationPlatforms) = postSolution
		{0372FE33-F4B7-4A7B-B998-8304152F2BFB}.Debug|Any CPU.ActiveCfg = Debug|Any CPU
		{0372FE33-F4B7-4A7B-B998-8304152F2BFB}.Debug|Any CPU.Build.0 = Debug|Any CPU
		{0372FE33-F4B7-4A7B-B998-8304152F2BFB}.Release|Any CPU.ActiveCfg = Release|Any CPU
		{0372FE33-F4B7-4A7B-B998-8304152F2BFB}.Release|Any CPU.Build.0 = Release|Any CPU
	EndGlobalSection
	GlobalSection(SolutionProperties) = preSolution
		HideSolutionNode = FALSE
	EndGlobalSection
	GlobalSection(ExtensibilityGlobals) = postSolution
		SolutionGuid = {D0BADFF1-9622-4970-B771-C010210E8B53}
	EndGlobalSection
EndGlobal
